// !$*UTF8*$!
{
	archiveVersion = 1;
	classes = {
	};
	objectVersion = 46;
	objects = {

/* Begin PBXBuildFile section */
		167C1BE21C4CCF3D00804D4C /* main.swift in Sources */ = {isa = PBXBuildFile; fileRef = 167C1BE11C4CCF3D00804D4C /* main.swift */; };
/* End PBXBuildFile section */

/* Begin PBXCopyFilesBuildPhase section */
		167C1BDC1C4CCF3D00804D4C /* CopyFiles */ = {
			isa = PBXCopyFilesBuildPhase;
			buildActionMask = 2147483647;
			dstPath = /usr/share/man/man1/;
			dstSubfolderSpec = 0;
			files = (
			);
			runOnlyForDeploymentPostprocessing = 1;
		};
/* End PBXCopyFilesBuildPhase section */

/* Begin PBXFileReference section */
		167C1BDE1C4CCF3D00804D4C /* 变量与常量 */ = {isa = PBXFileReference; explicitFileType = "compiled.mach-o.executable"; includeInIndex = 0; path = "变量与常量"; sourceTree = BUILT_PRODUCTS_DIR; };
		167C1BE11C4CCF3D00804D4C /* main.swift */ = {isa = PBXFileReference; lastKnownFileType = sourcecode.swift; path = main.swift; sourceTree = "<group>"; };
		16B28BCF1C4CDE8700E6C6B2 /* Main.playground */ = {isa = PBXFileReference; lastKnownFileType = file.playground; path = Main.playground; sourceTree = "<group>"; };
/* End PBXFileReference section */

/* Begin PBXFrameworksBuildPhase section */
		167C1BDB1C4CCF3D00804D4C /* Frameworks */ = {
			isa = PBXFrameworksBuildPhase;
			buildActionMask = 2147483647;
			files = (
			);
			runOnlyForDeploymentPostprocessing = 0;
		};
/* End PBXFrameworksBuildPhase section */

/* Begin PBXGroup section */
		167C1BD51C4CCF3D00804D4C = {
			isa = PBXGroup;
			children = (
				167C1BE01C4CCF3D00804D4C /* 变量与常量 */,
				167C1BDF1C4CCF3D00804D4C /* Products */,
			);
			sourceTree = "<group>";
		};
		167C1BDF1C4CCF3D00804D4C /* Products */ = {
			isa = PBXGroup;
			children = (
				167C1BDE1C4CCF3D00804D4C /* 变量与常量 */,
			);
			name = Products;
			sourceTree = "<group>";
		};
		167C1BE01C4CCF3D00804D4C /* 变量与常量 */ = {
			isa = PBXGroup;
			children = (
				167C1BE11C4CCF3D00804D4C /* main.swift */,
				16B28BCF1C4CDE8700E6C6B2 /* Main.playground */,
			);
			path = "变量与常量";
			sourceTree = "<group>";
		};
/* End PBXGroup section */

/* Begin PBXNativeTarget section */
		167C1BDD1C4CCF3D00804D4C /* 变量与常量 */ = {
			isa = PBXNativeTarget;
			buildConfigurationList = 167C1BE51C4CCF3D00804D4C /* Build configuration list for PBXNativeTarget "变量与常量" */;
			buildPhases = (
				167C1BDA1C4CCF3D00804D4C /* Sources */,
				167C1BDB1C4CCF3D00804D4C /* Frameworks */,
				167C1BDC1C4CCF3D00804D4C /* CopyFiles */,
			);
			buildRules = (
			);
			dependencies = (
			);
			name = "变量与常量";
			productName = "变量与常量";
			productReference = 167C1BDE1C4CCF3D00804D4C /* 变量与常量 */;
			productType = "com.apple.product-type.tool";
		};
/* End PBXNativeTarget section */

/* Begin PBXProject section */
		167C1BD61C4CCF3D00804D4C /* Project object */ = {
			isa = PBXProject;
			attributes = {
				LastSwiftUpdateCheck = 0720;
				LastUpgradeCheck = 0720;
				ORGANIZATIONNAME = "星尘";
				TargetAttributes = {
					167C1BDD1C4CCF3D00804D4C = {
						CreatedOnToolsVersion = 7.2;
					};
				};
			};
			buildConfigurationList = 167C1BD91C4CCF3D00804D4C /* Build configuration list for PBXProject "变量与常量" */;
			compatibilityVersion = "Xcode 3.2";
			developmentRegion = English;
			hasScannedForEncodings = 0;
			knownRegions = (
				en,
			);
			mainGroup = 167C1BD51C4CCF3D00804D4C;
			productRefGroup = 167C1BDF1C4CCF3D00804D4C /* Products */;
			projectDirPath = "";
			projectRoot = "";
			targets = (
				167C1BDD1C4CCF3D00804D4C /* 变量与常量 */,
			);
		};
/* End PBXProject section */

/* Begin PBXSourcesBuildPhase section */
		167C1BDA1C4CCF3D00804D4C /* Sources */ = {
			isa = PBXSourcesBuildPhase;
			buildActionMask = 2147483647;
			files = (
				167C1BE21C4CCF3D00804D4C /* main.swift in Sources */,
			);
			runOnlyForDeploymentPostprocessing = 0;
		};
/* End PBXSourcesBuildPhase section */

/* Begin XCBuildConfiguration section */
		167C1BE31C4CCF3D00804D4C /* Debug */ = {
			isa = XCBuildConfiguration;
			buildSettings = {
				ALWAYS_SEARCH_USER_PATHS = NO;
				CLANG_CXX_LANGUAGE_STANDARD = "gnu++0x";
				CLANG_CXX_LIBRARY = "libc++";
				CLANG_ENABLE_MODULES = YES;
				CLANG_ENABLE_OBJC_ARC = YES;
				CLANG_WARN_BOOL_CONVERSION = YES;
				CLANG_WARN_CONSTANT_CONVERSION = YES;
				CLANG_WARN_DIRECT_OBJC_ISA_USAGE = YES_ERROR;
				CLANG_WARN_EMPTY_BODY = YES;
				CLANG_WARN_ENUM_CONVERSION = YES;
				CLANG_WARN_INT_CONVERSION = YES;
				CLANG_WARN_OBJC_ROOT_CLASS = YES_ERROR;
				CLANG_WARN_UNREACHABLE_CODE = YES;
				CLANG_WARN__DUPLICATE_METHOD_MATCH = YES;
				CODE_SIGN_IDENTITY = "-";
				COPY_PHASE_STRIP = NO;
				DEBUG_INFORMATION_FORMAT = dwarf;
				ENABLE_STRICT_OBJC_MSGSEND = YES;
				ENABLE_TESTABILITY = YES;
				GCC_C_LANGUAGE_STANDARD = gnu99;
				GCC_DYNAMIC_NO_PIC = NO;
				GCC_NO_COMMON_BLOCKS = YES;
				GCC_OPTIMIZATION_LEVEL = 0;
				GCC_PREPROCESSOR_DEFINITIONS = (
					"DEBUG=1",
					"$(inherited)",
				);
				GCC_WARN_64_TO_32_BIT_CONVERSION = YES;
				GCC_WARN_ABOUT_RETURN_TYPE = YES_ERROR;
				GCC_WARN_UNDECLARED_SELECTOR = YES;
				GCC_WARN_UNINITIALIZED_AUTOS = YES_AGGRESSIVE;
				GCC_WARN_UNUSED_FUNCTION = YES;
				GCC_WARN_UNUSED_VARIABLE = YES;
				MACOSX_DEPLOYMENT_TARGET = 10.11;
				MTL_ENABLE_DEBUG_INFO = YES;
				ONLY_ACTIVE_ARCH = YES;
				SDKROOT = macosx;
				SWIFT_OPTIMIZATION_LEVEL = "-Onone";
			};
			name = Debug;
		};
		167C1BE41C4CCF3D00804D4C /* Release */ = {
			isa = XCBuildConfiguration;
			buildSettings = {
				ALWAYS_SEARCH_USER_PATHS = NO;
				CLANG_CXX_LANGUAGE_STANDARD = "gnu++0x";
				CLANG_CXX_LIBRARY = "libc++";
				CLANG_ENABLE_MODULES = YES;
				CLANG_ENABLE_OBJC_ARC = YES;
				CLANG_WARN_BOOL_CONVERSION = YES;
				CLANG_WARN_CONSTANT_CONVERSION = YES;
				CLANG_WARN_DIRECT_OBJC_ISA_USAGE = YES_ERROR;
				CLANG_WARN_EMPTY_BODY = YES;
				CLANG_WARN_ENUM_CONVERSION = YES;
				CLANG_WARN_INT_CONVERSION = YES;
				CLANG_WARN_OBJC_ROOT_CLASS = YES_ERROR;
				CLANG_WARN_UNREACHABLE_CODE = YES;
				CLANG_WARN__DUPLICATE_METHOD_MATCH = YES;
				CODE_SIGN_IDENTITY = "-";
				COPY_PHASE_STRIP = NO;
				DEBUG_INFORMATION_FORMAT = "dwarf-with-dsym";
				ENABLE_NS_ASSERTIONS = NO;
				ENABLE_STRICT_OBJC_MSGSEND = YES;
				GCC_C_LANGUAGE_STANDARD = gnu99;
				GCC_NO_COMMON_BLOCKS = YES;
				GCC_WARN_64_TO_32_BIT_CONVERSION = YES;
				GCC_WARN_ABOUT_RETURN_TYPE = YES_ERROR;
				GCC_WARN_UNDECLARED_SELECTOR = YES;
				GCC_WARN_UNINITIALIZED_AUTOS = YES_AGGRESSIVE;
				GCC_WARN_UNUSED_FUNCTION = YES;
				GCC_WARN_UNUSED_VARIABLE = YES;
				MACOSX_DEPLOYMENT_TARGET = 10.11;
				MTL_ENABLE_DEBUG_INFO = NO;
				SDKROOT = macosx;
			};
			name = Release;
		};
		167C1BE61C4CCF3D00804D4C /* Debug */ = {
			isa = XCBuildConfiguration;
			buildSettings = {
				PRODUCT_NAME = "$(TARGET_NAME)";
			};
			name = Debug;
		};
		167C1BE71C4CCF3D00804D4C /* Release */ = {
			isa = XCBuildConfiguration;
			buildSettings = {
				PRODUCT_NAME = "$(TARGET_NAME)";
			};
			name = Release;
		};
/* End XCBuildConfiguration section */

/* Begin XCConfigurationList section */
		167C1BD91C4CCF3D00804D4C /* Build configuration list for PBXProject "变量与常量" */ = {
			isa = XCConfigurationList;
			buildConfigurations = (
				167C1BE31C4CCF3D00804D4C /* Debug */,
				167C1BE41C4CCF3D00804D4C /* Release */,
			);
			defaultConfigurationIsVisible = 0;
			defaultConfigurationName = Release;
		};
		167C1BE51C4CCF3D00804D4C /* Build configuration list for PBXNativeTarget "变量与常量" */ = {
			isa = XCConfigurationList;
			buildConfigurations = (
				167C1BE61C4CCF3D00804D4C /* Debug */,
				167C1BE71C4CCF3D00804D4C /* Release */,
			);
			defaultConfigurationIsVisible = 0;
			defaultConfigurationName = Release;
		};
/* End XCConfigurationList section */
	};
	rootObject = 167C1BD61C4CCF3D00804D4C /* Project object */;
}
